{
  "name": "learnHapi",
  "version": "1.0.0",
  "lockfileVersion": 1,
  "requires": true,
  "dependencies": {
    "accept": {
      "version": "3.0.2",
      "resolved": "http://registry.npm.taobao.org/accept/download/accept-3.0.2.tgz",
      "integrity": "sha1-g+Qc7H4RSfP9R0iAQjhz22xsyaw=",
      "requires": {
        "boom": "7.2.0",
        "hoek": "5.0.4"
      }
    },
    "ammo": {
      "version": "3.0.1",
      "resolved": "http://registry.npm.taobao.org/ammo/download/ammo-3.0.1.tgz",
      "integrity": "sha1-x5zurDb7TlUIXqP+DC9Cv6X3yRQ=",
      "requires": {
        "hoek": "5.0.4"
      }
    },
    "b64": {
      "version": "4.0.0",
      "resolved": "http://registry.npm.taobao.org/b64/download/b64-4.0.0.tgz",
      "integrity": "sha1-w39Yfwo4PHAZ6CESDow/WPDSJ3I="
    },
    "big-time": {
      "version": "2.0.1",
      "resolved": "http://registry.npm.taobao.org/big-time/download/big-time-2.0.1.tgz",
      "integrity": "sha1-aMffjcMPl+lT8lpnp2rJcTwWyd4="
    },
    "boom": {
      "version": "7.2.0",
      "resolved": "http://registry.npm.taobao.org/boom/download/boom-7.2.0.tgz",
      "integrity": "sha1-K/8kpVVldn/ehp7ICDF+sQxI6WY=",
      "requires": {
        "hoek": "5.0.4"
      }
    },
    "bounce": {
      "version": "1.2.0",
      "resolved": "http://registry.npm.taobao.org/bounce/download/bounce-1.2.0.tgz",
      "integrity": "sha1-47rGjHP9JW44CWVR78CfUEhzyMg=",
      "requires": {
        "boom": "7.2.0",
        "hoek": "5.0.4"
      }
    },
    "call": {
      "version": "5.0.1",
      "resolved": "http://registry.npm.taobao.org/call/download/call-5.0.1.tgz",
      "integrity": "sha1-rBtcEG2e3CoXrypKT3TdTwwG6RA=",
      "requires": {
        "boom": "7.2.0",
        "hoek": "5.0.4"
      }
    },
    "catbox": {
      "version": "10.0.2",
      "resolved": "http://registry.npm.taobao.org/catbox/download/catbox-10.0.2.tgz",
      "integrity": "sha1-5qwfNRAtGpvQeRW4LlCNErUKi/o=",
      "requires": {
        "boom": "7.2.0",
        "bounce": "1.2.0",
        "hoek": "5.0.4",
        "joi": "13.6.0"
      }
    },
    "catbox-memory": {
      "version": "3.1.2",
      "resolved": "http://registry.npm.taobao.org/catbox-memory/download/catbox-memory-3.1.2.tgz",
      "integrity": "sha1-Su7BvJlEGcD35gCH8XKq7dm0kRw=",
      "requires": {
        "big-time": "2.0.1",
        "boom": "7.2.0",
        "hoek": "5.0.4"
      }
    },
    "content": {
      "version": "4.0.5",
      "resolved": "http://registry.npm.taobao.org/content/download/content-4.0.5.tgz",
      "integrity": "sha1-vFR96ryImrabzhf681hcKfTEG/I=",
      "requires": {
        "boom": "7.2.0"
      }
    },
    "core-util-is": {
      "version": "1.0.2",
      "resolved": "http://registry.npm.taobao.org/core-util-is/download/core-util-is-1.0.2.tgz",
      "integrity": "sha1-tf1UIgqivFq1eqtxQMlAdUUDwac=",
      "dev": true
    },
    "cryptiles": {
      "version": "4.1.2",
      "resolved": "http://registry.npm.taobao.org/cryptiles/download/cryptiles-4.1.2.tgz",
      "integrity": "sha1-NjyatchZ2p0tb7kBtk2YCWYYEYQ=",
      "requires": {
        "boom": "7.2.0"
      }
    },
    "duplexify": {
      "version": "3.6.0",
      "resolved": "http://registry.npm.taobao.org/duplexify/download/duplexify-3.6.0.tgz",
      "integrity": "sha1-WSkD9dgLONA3IgVBJk1poZj7NBA=",
      "dev": true,
      "requires": {
        "end-of-stream": "1.4.1",
        "inherits": "2.0.3",
        "readable-stream": "2.3.6",
        "stream-shift": "1.0.0"
      }
    },
    "end-of-stream": {
      "version": "1.4.1",
      "resolved": "http://registry.npm.taobao.org/end-of-stream/download/end-of-stream-1.4.1.tgz",
      "integrity": "sha1-7SljTRm6ukY7bOa4CjchPqtx7EM=",
      "dev": true,
      "requires": {
        "once": "1.4.0"
      }
    },
    "fast-safe-stringify": {
      "version": "2.0.6",
      "resolved": "http://registry.npm.taobao.org/fast-safe-stringify/download/fast-safe-stringify-2.0.6.tgz",
      "integrity": "sha1-BLJhBsxWaB9RoETPwNds8ACKwsI=",
      "dev": true
    },
    "good": {
      "version": "8.1.1",
      "resolved": "http://registry.npm.taobao.org/good/download/good-8.1.1.tgz",
      "integrity": "sha1-ArOKm9q0hi2aTniXsTqI9mY82B8=",
      "dev": true,
      "requires": {
        "hoek": "5.0.4",
        "joi": "13.6.0",
        "oppsy": "2.0.0",
        "pumpify": "1.3.6"
      }
    },
    "good-console": {
      "version": "7.1.0",
      "resolved": "http://registry.npm.taobao.org/good-console/download/good-console-7.1.0.tgz",
      "integrity": "sha1-68+UjXrbiJgUW9x28vfN1kZBtKA=",
      "dev": true,
      "requires": {
        "hoek": "4.2.1",
        "joi": "12.0.0",
        "json-stringify-safe": "5.0.1",
        "moment": "2.20.1"
      },
      "dependencies": {
        "hoek": {
          "version": "4.2.1",
          "resolved": "http://registry.npm.taobao.org/hoek/download/hoek-4.2.1.tgz",
          "integrity": "sha1-ljRQKqEsRF3Vp8VzS1cruHOKrLs=",
          "dev": true
        },
        "joi": {
          "version": "12.0.0",
          "resolved": "http://registry.npm.taobao.org/joi/download/joi-12.0.0.tgz",
          "integrity": "sha1-RvVeaPTZYo8Bu7aVkCyLMHrY0zo=",
          "dev": true,
          "requires": {
            "hoek": "4.2.1",
            "isemail": "3.1.3",
            "topo": "2.0.2"
          }
        },
        "topo": {
          "version": "2.0.2",
          "resolved": "http://registry.npm.taobao.org/topo/download/topo-2.0.2.tgz",
          "integrity": "sha1-zVYVdSU5BXwNwEkaYhw7xvvh0YI=",
          "dev": true,
          "requires": {
            "hoek": "4.2.1"
          }
        }
      }
    },
    "good-squeeze": {
      "version": "5.1.0",
      "resolved": "http://registry.npm.taobao.org/good-squeeze/download/good-squeeze-5.1.0.tgz",
      "integrity": "sha1-Jl8+i+YIGqRMVdSE0a83XhZnUrk=",
      "dev": true,
      "requires": {
        "fast-safe-stringify": "2.0.6",
        "hoek": "4.2.1"
      },
      "dependencies": {
        "hoek": {
          "version": "4.2.1",
          "resolved": "http://registry.npm.taobao.org/hoek/download/hoek-4.2.1.tgz",
          "integrity": "sha1-ljRQKqEsRF3Vp8VzS1cruHOKrLs=",
          "dev": true
        }
      }
    },
    "hapi": {
      "version": "17.5.4",
      "resolved": "http://registry.npm.taobao.org/hapi/download/hapi-17.5.4.tgz",
      "integrity": "sha1-88EHD57jmNnGrY68Wr8YDxORTzw=",
      "requires": {
        "accept": "3.0.2",
        "ammo": "3.0.1",
        "boom": "7.2.0",
        "bounce": "1.2.0",
        "call": "5.0.1",
        "catbox": "10.0.2",
        "catbox-memory": "3.1.2",
        "heavy": "6.1.0",
        "hoek": "5.0.4",
        "joi": "13.6.0",
        "mimos": "4.0.0",
        "podium": "3.1.2",
        "shot": "4.0.5",
        "statehood": "6.0.6",
        "subtext": "6.0.7",
        "teamwork": "3.0.1",
        "topo": "3.0.0"
      }
    },
    "heavy": {
      "version": "6.1.0",
      "resolved": "http://registry.npm.taobao.org/heavy/download/heavy-6.1.0.tgz",
      "integrity": "sha1-G7+kPcYd1LVD7eP/h9uDBreWcnQ=",
      "requires": {
        "boom": "7.2.0",
        "hoek": "5.0.4",
        "joi": "13.6.0"
      }
    },
    "hoek": {
      "version": "5.0.4",
      "resolved": "http://registry.npm.taobao.org/hoek/download/hoek-5.0.4.tgz",
      "integrity": "sha1-D3+icKHK/rNkpLLd+qM/hk5BV9o="
    },
    "inherits": {
      "version": "2.0.3",
      "resolved": "http://registry.npm.taobao.org/inherits/download/inherits-2.0.3.tgz",
      "integrity": "sha1-Yzwsg+PaQqUC9SRmAiSA9CCCYd4=",
      "dev": true
    },
    "iron": {
      "version": "5.0.4",
      "resolved": "http://registry.npm.taobao.org/iron/download/iron-5.0.4.tgz",
      "integrity": "sha1-AD7YIvZW8HwrYnYoFfXeOUcyaGc=",
      "requires": {
        "boom": "7.2.0",
        "cryptiles": "4.1.2",
        "hoek": "5.0.4"
      }
    },
    "isarray": {
      "version": "1.0.0",
      "resolved": "http://registry.npm.taobao.org/isarray/download/isarray-1.0.0.tgz",
      "integrity": "sha1-u5NdSFgsuhaMBoNJV6VKPgcSTxE=",
      "dev": true
    },
    "isemail": {
      "version": "3.1.3",
      "resolved": "http://registry.npm.taobao.org/isemail/download/isemail-3.1.3.tgz",
      "integrity": "sha1-ZPN/wRNXnqElIxZcPr46caVs5XE=",
      "requires": {
        "punycode": "2.1.1"
      }
    },
    "joi": {
      "version": "13.6.0",
      "resolved": "http://registry.npm.taobao.org/joi/download/joi-13.6.0.tgz",
      "integrity": "sha1-h32CDjrWiKScMkIf/vx0a/vi0KA=",
      "requires": {
        "hoek": "5.0.4",
        "isemail": "3.1.3",
        "topo": "3.0.0"
      }
    },
    "json-stringify-safe": {
      "version": "5.0.1",
      "resolved": "http://registry.npm.taobao.org/json-stringify-safe/download/json-stringify-safe-5.0.1.tgz",
      "integrity": "sha1-Epai1Y/UXxmg9s4B1lcB4sc1tus=",
      "dev": true
    },
    "mime-db": {
      "version": "1.36.0",
      "resolved": "http://registry.npm.taobao.org/mime-db/download/mime-db-1.36.0.tgz",
      "integrity": "sha1-UCBHjbPH/pOq17vMTc+GnEM2M5c="
    },
    "mimos": {
      "version": "4.0.0",
      "resolved": "http://registry.npm.taobao.org/mimos/download/mimos-4.0.0.tgz",
      "integrity": "sha1-duPScShDHLZIL9FbIEdXGa1ialo=",
      "requires": {
        "hoek": "5.0.4",
        "mime-db": "1.36.0"
      }
    },
    "moment": {
      "version": "2.20.1",
      "resolved": "http://registry.npm.taobao.org/moment/download/moment-2.20.1.tgz",
      "integrity": "sha1-1usaRsvMFKKy+UNBEsH/iQfzE/0=",
      "dev": true
    },
    "nigel": {
      "version": "3.0.1",
      "resolved": "http://registry.npm.taobao.org/nigel/download/nigel-3.0.1.tgz",
      "integrity": "sha1-SKCIWdZRdzEvHCWvclLB4HuwfCo=",
      "requires": {
        "hoek": "5.0.4",
        "vise": "3.0.0"
      }
    },
    "once": {
      "version": "1.4.0",
      "resolved": "http://registry.npm.taobao.org/once/download/once-1.4.0.tgz",
      "integrity": "sha1-WDsap3WWHUsROsF9nFC6753Xa9E=",
      "dev": true,
      "requires": {
        "wrappy": "1.0.2"
      }
    },
    "oppsy": {
      "version": "2.0.0",
      "resolved": "http://registry.npm.taobao.org/oppsy/download/oppsy-2.0.0.tgz",
      "integrity": "sha1-OhlFF63CTDxhzcVvNfRTfpOjXjQ=",
      "dev": true,
      "requires": {
        "hoek": "5.0.4"
      }
    },
    "pez": {
      "version": "4.0.2",
      "resolved": "http://registry.npm.taobao.org/pez/download/pez-4.0.2.tgz",
      "integrity": "sha1-CnyBtklo6QsOlWKzmPOQk56cS1M=",
      "requires": {
        "b64": "4.0.0",
        "boom": "7.2.0",
        "content": "4.0.5",
        "hoek": "5.0.4",
        "nigel": "3.0.1"
      }
    },
    "podium": {
      "version": "3.1.2",
      "resolved": "http://registry.npm.taobao.org/podium/download/podium-3.1.2.tgz",
      "integrity": "sha1-twFClznPa93mswFa5rSNQAgXzp4=",
      "requires": {
        "hoek": "5.0.4",
        "joi": "13.6.0"
      }
    },
    "process-nextick-args": {
      "version": "2.0.0",
      "resolved": "http://registry.npm.taobao.org/process-nextick-args/download/process-nextick-args-2.0.0.tgz",
      "integrity": "sha1-o31zL0JxtKsa0HDTVQjoKQeI/6o=",
      "dev": true
    },
    "pump": {
      "version": "2.0.1",
      "resolved": "http://registry.npm.taobao.org/pump/download/pump-2.0.1.tgz",
      "integrity": "sha1-Ejma3W5M91Jtlzy8i1zi4pCLOQk=",
      "dev": true,
      "requires": {
        "end-of-stream": "1.4.1",
        "once": "1.4.0"
      }
    },
    "pumpify": {
      "version": "1.3.6",
      "resolved": "http://registry.npm.taobao.org/pumpify/download/pumpify-1.3.6.tgz",
      "integrity": "sha1-ANQOXe0KO/HgeIscDPQmpCiCq2Q=",
      "dev": true,
      "requires": {
        "duplexify": "3.6.0",
        "inherits": "2.0.3",
        "pump": "2.0.1"
      }
    },
    "punycode": {
      "version": "2.1.1",
      "resolved": "http://registry.npm.taobao.org/punycode/download/punycode-2.1.1.tgz",
      "integrity": "sha1-tYsBCsQMIsVldhbI0sLALHv0eew="
    },
    "readable-stream": {
      "version": "2.3.6",
      "resolved": "http://registry.npm.taobao.org/readable-stream/download/readable-stream-2.3.6.tgz",
      "integrity": "sha1-sRwn2IuP8fvgcGQ8+UsMea4bCq8=",
      "dev": true,
      "requires": {
        "core-util-is": "1.0.2",
        "inherits": "2.0.3",
        "isarray": "1.0.0",
        "process-nextick-args": "2.0.0",
        "safe-buffer": "5.1.2",
        "string_decoder": "1.1.1",
        "util-deprecate": "1.0.2"
      }
    },
    "rotating-file-stream": {
      "version": "1.3.7",
      "resolved": "http://registry.npm.taobao.org/rotating-file-stream/download/rotating-file-stream-1.3.7.tgz",
      "integrity": "sha1-pRW+fta743RRhVZ0Uy2MPWul5X8=",
      "dev": true
    },
    "safe-buffer": {
      "version": "5.1.2",
      "resolved": "http://registry.npm.taobao.org/safe-buffer/download/safe-buffer-5.1.2.tgz",
      "integrity": "sha1-mR7GnSluAxN0fVm9/St0XDX4go0=",
      "dev": true
    },
    "shot": {
      "version": "4.0.5",
      "resolved": "http://registry.npm.taobao.org/shot/download/shot-4.0.5.tgz",
      "integrity": "sha1-x+dFXRHWD2ts08Q+FaO0McF+VWY=",
      "requires": {
        "hoek": "5.0.4",
        "joi": "13.6.0"
      }
    },
    "statehood": {
      "version": "6.0.6",
      "resolved": "http://registry.npm.taobao.org/statehood/download/statehood-6.0.6.tgz",
      "integrity": "sha1-Db18UHdNP2GiTkKwZzCTu8gfpfA=",
      "requires": {
        "boom": "7.2.0",
        "bounce": "1.2.0",
        "cryptiles": "4.1.2",
        "hoek": "5.0.4",
        "iron": "5.0.4",
        "joi": "13.6.0"
      }
    },
    "stream-shift": {
      "version": "1.0.0",
      "resolved": "http://registry.npm.taobao.org/stream-shift/download/stream-shift-1.0.0.tgz",
      "integrity": "sha1-1cdSgl5TZ+eG944Y5EXqIjoVWVI=",
      "dev": true
    },
    "string_decoder": {
      "version": "1.1.1",
      "resolved": "http://registry.npm.taobao.org/string_decoder/download/string_decoder-1.1.1.tgz",
      "integrity": "sha1-nPFhG6YmhdcDCunkujQUnDrwP8g=",
      "dev": true,
      "requires": {
        "safe-buffer": "5.1.2"
      }
    },
    "subtext": {
      "version": "6.0.7",
      "resolved": "http://registry.npm.taobao.org/subtext/download/subtext-6.0.7.tgz",
      "integrity": "sha1-jkCmeQGnNNWYFCZlyQ45g2m4hfk=",
      "requires": {
        "boom": "7.2.0",
        "content": "4.0.5",
        "hoek": "5.0.4",
        "pez": "4.0.2",
        "wreck": "14.1.0"
      }
    },
    "teamwork": {
      "version": "3.0.1",
      "resolved": "http://registry.npm.taobao.org/teamwork/download/teamwork-3.0.1.tgz",
      "integrity": "sha1-/zjHFh9B+AcLeBNxbrYVQDbs4ZY="
    },
    "topo": {
      "version": "3.0.0",
      "resolved": "http://registry.npm.taobao.org/topo/download/topo-3.0.0.tgz",
      "integrity": "sha1-N+SMMw7+rHhFOOCs0+YspeIx/no=",
      "requires": {
        "hoek": "5.0.4"
      }
    },
    "util-deprecate": {
      "version": "1.0.2",
      "resolved": "http://registry.npm.taobao.org/util-deprecate/download/util-deprecate-1.0.2.tgz",
      "integrity": "sha1-RQ1Nyfpw3nMnYvvS1KKJgUGaDM8=",
      "dev": true
    },
    "vise": {
      "version": "3.0.0",
      "resolved": "http://registry.npm.taobao.org/vise/download/vise-3.0.0.tgz",
      "integrity": "sha1-dq0UqzFmnFD7sIF7wOcv7cuzv0w=",
      "requires": {
        "hoek": "5.0.4"
      }
    },
    "wrappy": {
      "version": "1.0.2",
      "resolved": "http://registry.npm.taobao.org/wrappy/download/wrappy-1.0.2.tgz",
      "integrity": "sha1-tSQ9jz7BqjXxNkYFvA0QNuMKtp8=",
      "dev": true
    },
    "wreck": {
      "version": "14.1.0",
      "resolved": "http://registry.npm.taobao.org/wreck/download/wreck-14.1.0.tgz",
      "integrity": "sha1-sT5Sa2qDGOXrxpacCyEHXAYzcGc=",
      "requires": {
        "boom": "7.2.0",
        "hoek": "5.0.4"
      }
    }
  }
}
